# THIS IS AN AUTOGENERATED FILE. DO NOT EDIT THIS FILE DIRECTLY.
# yarn lockfile v1


eventbusjs@^0.2.0:
  version "0.2.0"
  resolved "https://registry.yarnpkg.com/eventbusjs/-/eventbusjs-0.2.0.tgz#9ceb3d174fb1e56ebe02aee7dd5dd953bb637a93"

konva@^2.1.2:
  version "2.1.2"
  resolved "https://registry.yarnpkg.com/konva/-/konva-2.1.2.tgz#ba2e98e5ab3740b351f3742c74bcb86b7242df8c"

lodash@^4.17.10:
  version "4.17.10"
  resolved "https://registry.yarnpkg.com/lodash/-/lodash-4.17.10.tgz#1b7793cf7259ea38fb3661d4d38b3260af8ae4e7"
